
Microsoft Visual Studio Solution File, Format Version 12.00
# Visual Studio Version 16
VisualStudioVersion = 16.0.30621.155
MinimumVisualStudioVersion = 10.0.40219.1
Project("{FAE04EC0-301F-11D3-BF4B-00C04F79EFBC}") = "crud_operations", "crud_operations\crud_operations.csproj", "{CFBFA878-DDB2-4021-8BB5-57BEF6961A47}"
EndProject
Global
	GlobalSection(SolutionConfigurationPlatforms) = preSolution
		Debug|Any CPU = Debug|Any CPU
		Release|Any CPU = Release|Any CPU
	EndGlobalSection
	GlobalSection(ProjectConfigurationPlatforms) = postSolution
		{CFBFA878-DDB2-4021-8BB5-57BEF6961A47}.Debug|Any CPU.ActiveCfg = Debug|Any CPU
		{CFBFA878-DDB2-4021-8BB5-57BEF6961A47}.Debug|Any CPU.Build.0 = Debug|Any CPU
		{CFBFA878-DDB2-4021-8BB5-57BEF6961A47}.Release|Any CPU.ActiveCfg = Release|Any CPU
		{CFBFA878-DDB2-4021-8BB5-57BEF6961A47}.Release|Any CPU.Build.0 = Release|Any CPU
	EndGlobalSection
	GlobalSection(SolutionProperties) = preSolution
		HideSolutionNode = FALSE
	EndGlobalSection
	GlobalSection(ExtensibilityGlobals) = postSolution
		SolutionGuid = {AAC914C1-C7FC-46E9-AD0B-6DF024A013AF}
	EndGlobalSection
EndGlobal
